
Microsoft Visual Studio Solution File, Format Version 12.00
# Visual Studio Version 17
VisualStudioVersion = 17.0.31903.59
MinimumVisualStudioVersion = 10.0.40219.1
Project("{FAE04EC0-301F-11D3-BF4B-00C04F79EFBC}") = "VehicleRegistrationService", "VehicleRegistrationService\VehicleRegistrationService.csproj", "{E3843883-A923-4A2C-9E9C-292AF0D92C32}"
EndProject
Project("{FAE04EC0-301F-11D3-BF4B-00C04F79EFBC}") = "Simulation", "Simulation\Simulation.csproj", "{164560A7-0E77-443E-8917-4A8BC38BC49B}"
EndProject
Project("{FAE04EC0-301F-11D3-BF4B-00C04F79EFBC}") = "VisualSimulation", "VisualSimulation\VisualSimulation.csproj", "{21C691F5-011D-40AF-8295-FA0351A9D1E2}"
EndProject
Project("{FAE04EC0-301F-11D3-BF4B-00C04F79EFBC}") = "FineCollectionService", "FineCollectionService\FineCollectionService.csproj", "{64747ECE-F97F-4F2D-A687-DF14BEF28AD4}"
EndProject
Project("{FAE04EC0-301F-11D3-BF4B-00C04F79EFBC}") = "TrafficControlService", "TrafficControlService\TrafficControlService.csproj", "{1195DFEC-8623-40E8-9FDA-A6AAF341CB7D}"
EndProject
Global
	GlobalSection(SolutionConfigurationPlatforms) = preSolution
		Debug|Any CPU = Debug|Any CPU
		Release|Any CPU = Release|Any CPU
	EndGlobalSection
	GlobalSection(SolutionProperties) = preSolution
		HideSolutionNode = FALSE
	EndGlobalSection
	GlobalSection(ProjectConfigurationPlatforms) = postSolution
		{E3843883-A923-4A2C-9E9C-292AF0D92C32}.Debug|Any CPU.ActiveCfg = Debug|Any CPU
		{E3843883-A923-4A2C-9E9C-292AF0D92C32}.Debug|Any CPU.Build.0 = Debug|Any CPU
		{E3843883-A923-4A2C-9E9C-292AF0D92C32}.Release|Any CPU.ActiveCfg = Release|Any CPU
		{E3843883-A923-4A2C-9E9C-292AF0D92C32}.Release|Any CPU.Build.0 = Release|Any CPU
		{164560A7-0E77-443E-8917-4A8BC38BC49B}.Debug|Any CPU.ActiveCfg = Debug|Any CPU
		{164560A7-0E77-443E-8917-4A8BC38BC49B}.Debug|Any CPU.Build.0 = Debug|Any CPU
		{164560A7-0E77-443E-8917-4A8BC38BC49B}.Release|Any CPU.ActiveCfg = Release|Any CPU
		{164560A7-0E77-443E-8917-4A8BC38BC49B}.Release|Any CPU.Build.0 = Release|Any CPU
		{21C691F5-011D-40AF-8295-FA0351A9D1E2}.Debug|Any CPU.ActiveCfg = Debug|Any CPU
		{21C691F5-011D-40AF-8295-FA0351A9D1E2}.Debug|Any CPU.Build.0 = Debug|Any CPU
		{21C691F5-011D-40AF-8295-FA0351A9D1E2}.Release|Any CPU.ActiveCfg = Release|Any CPU
		{21C691F5-011D-40AF-8295-FA0351A9D1E2}.Release|Any CPU.Build.0 = Release|Any CPU
		{64747ECE-F97F-4F2D-A687-DF14BEF28AD4}.Debug|Any CPU.ActiveCfg = Debug|Any CPU
		{64747ECE-F97F-4F2D-A687-DF14BEF28AD4}.Debug|Any CPU.Build.0 = Debug|Any CPU
		{64747ECE-F97F-4F2D-A687-DF14BEF28AD4}.Release|Any CPU.ActiveCfg = Release|Any CPU
		{64747ECE-F97F-4F2D-A687-DF14BEF28AD4}.Release|Any CPU.Build.0 = Release|Any CPU
		{1195DFEC-8623-40E8-9FDA-A6AAF341CB7D}.Debug|Any CPU.ActiveCfg = Debug|Any CPU
		{1195DFEC-8623-40E8-9FDA-A6AAF341CB7D}.Debug|Any CPU.Build.0 = Debug|Any CPU
		{1195DFEC-8623-40E8-9FDA-A6AAF341CB7D}.Release|Any CPU.ActiveCfg = Release|Any CPU
		{1195DFEC-8623-40E8-9FDA-A6AAF341CB7D}.Release|Any CPU.Build.0 = Release|Any CPU
	EndGlobalSection
EndGlobal
